Microsoft Visual Studio Solution File, Format Version 12.00
# Visual Studio Version 17
VisualStudioVersion = 17.5.2.0
MinimumVisualStudioVersion = 10.0.40219.1
Project("{FAE04EC0-301F-11D3-BF4B-00C04F79EFBC}") = "FinancialDemo", "FinancialDemo\FinancialDemo.csproj", "{15486351-0832-6258-35D2-1F90FA359BEC}"
EndProject
Global
	GlobalSection(SolutionConfigurationPlatforms) = preSolution
		Debug|Any CPU = Debug|Any CPU
		Release|Any CPU = Release|Any CPU
	EndGlobalSection
	GlobalSection(ProjectConfigurationPlatforms) = postSolution
		{15486351-0832-6258-35D2-1F90FA359BEC}.Debug|Any CPU.ActiveCfg = Debug|Any CPU
		{15486351-0832-6258-35D2-1F90FA359BEC}.Debug|Any CPU.Build.0 = Debug|Any CPU
		{15486351-0832-6258-35D2-1F90FA359BEC}.Release|Any CPU.ActiveCfg = Release|Any CPU
		{15486351-0832-6258-35D2-1F90FA359BEC}.Release|Any CPU.Build.0 = Release|Any CPU
	EndGlobalSection
	GlobalSection(SolutionProperties) = preSolution
		HideSolutionNode = FALSE
	EndGlobalSection
	GlobalSection(ExtensibilityGlobals) = postSolution
		SolutionGuid = {44475173-A273-41B6-A271-DAB6B4191003}
	EndGlobalSection
EndGlobal
